{"version":4,"terraform_version":"1.11.2","serial":2,"lineage":"99ec00eb-8bd6-f954-fe71-0c93de3d863f","outputs":{},"resources":[{"mode":"managed","type":"incus_instance","name":"headnode","provider":"provider[\"registry.opentofu.org/lxc/incus\"]","instances":[{"schema_version":0,"attributes":{"architecture":"x86_64","config":{},"description":"","device":[],"ephemeral":false,"file":[],"image":"images:ubuntu/22.04","ipv4_address":null,"ipv6_address":null,"mac_address":"10:66:6a:76:70:d6","name":"headnode","profiles":["default"],"project":null,"remote":null,"running":true,"source_file":null,"source_instance":null,"status":"Running","target":"","type":"container","wait_for":[]},"sensitive_attributes":[]}]}],"check_results":null}
